
Microsoft Visual Studio Solution File, Format Version 12.00
# Visual Studio 15
Project("{FAE04EC0-301F-11D3-BF4B-00C04F79EFBC}") = "UnityGameFramework.Runtime", "UnityGameFramework.Runtime.csproj", "{C50B0321-3B49-042A-A440-9B197FE3E1DC}"
EndProject
Project("{FAE04EC0-301F-11D3-BF4B-00C04F79EFBC}") = "Akari.Runtime", "Akari.Runtime.csproj", "{CA0404DC-8551-BB24-71AA-62CB7670584B}"
EndProject
Project("{FAE04EC0-301F-11D3-BF4B-00C04F79EFBC}") = "Akari.Editor", "Akari.Editor.csproj", "{E3D3AE75-9AC7-F58F-BFB3-930187C72DAC}"
EndProject
Project("{FAE04EC0-301F-11D3-BF4B-00C04F79EFBC}") = "GameFramework", "GameFramework.csproj", "{DA007803-983F-D48E-AC0D-50F6EEC45CD8}"
EndProject
Project("{FAE04EC0-301F-11D3-BF4B-00C04F79EFBC}") = "Libraries", "Libraries.csproj", "{266A462A-CB61-FFE8-B6F9-CB7724915DB5}"
EndProject
Project("{FAE04EC0-301F-11D3-BF4B-00C04F79EFBC}") = "Assembly-CSharp-firstpass", "Assembly-CSharp-firstpass.csproj", "{1C4F3408-44E4-F30F-B9DC-8338BB28F54C}"
EndProject
Project("{FAE04EC0-301F-11D3-BF4B-00C04F79EFBC}") = "UnityGameFramework.Editor", "UnityGameFramework.Editor.csproj", "{940C1B81-3003-D57D-5B31-A1BDDED258E1}"
EndProject
Project("{FAE04EC0-301F-11D3-BF4B-00C04F79EFBC}") = "Assembly-CSharp-Editor-firstpass", "Assembly-CSharp-Editor-firstpass.csproj", "{8A0540FE-EB54-C178-36A5-B12DB5F7A768}"
EndProject
Global
	GlobalSection(SolutionConfigurationPlatforms) = preSolution
		Debug|Any CPU = Debug|Any CPU
		Release|Any CPU = Release|Any CPU
	EndGlobalSection
	GlobalSection(ProjectConfigurationPlatforms) = postSolution
		{C50B0321-3B49-042A-A440-9B197FE3E1DC}.Debug|Any CPU.ActiveCfg = Debug|Any CPU
		{C50B0321-3B49-042A-A440-9B197FE3E1DC}.Debug|Any CPU.Build.0 = Debug|Any CPU
		{C50B0321-3B49-042A-A440-9B197FE3E1DC}.Release|Any CPU.ActiveCfg = Release|Any CPU
		{C50B0321-3B49-042A-A440-9B197FE3E1DC}.Release|Any CPU.Build.0 = Release|Any CPU
		{CA0404DC-8551-BB24-71AA-62CB7670584B}.Debug|Any CPU.ActiveCfg = Debug|Any CPU
		{CA0404DC-8551-BB24-71AA-62CB7670584B}.Debug|Any CPU.Build.0 = Debug|Any CPU
		{CA0404DC-8551-BB24-71AA-62CB7670584B}.Release|Any CPU.ActiveCfg = Release|Any CPU
		{CA0404DC-8551-BB24-71AA-62CB7670584B}.Release|Any CPU.Build.0 = Release|Any CPU
		{E3D3AE75-9AC7-F58F-BFB3-930187C72DAC}.Debug|Any CPU.ActiveCfg = Debug|Any CPU
		{E3D3AE75-9AC7-F58F-BFB3-930187C72DAC}.Debug|Any CPU.Build.0 = Debug|Any CPU
		{E3D3AE75-9AC7-F58F-BFB3-930187C72DAC}.Release|Any CPU.ActiveCfg = Release|Any CPU
		{E3D3AE75-9AC7-F58F-BFB3-930187C72DAC}.Release|Any CPU.Build.0 = Release|Any CPU
		{DA007803-983F-D48E-AC0D-50F6EEC45CD8}.Debug|Any CPU.ActiveCfg = Debug|Any CPU
		{DA007803-983F-D48E-AC0D-50F6EEC45CD8}.Debug|Any CPU.Build.0 = Debug|Any CPU
		{DA007803-983F-D48E-AC0D-50F6EEC45CD8}.Release|Any CPU.ActiveCfg = Release|Any CPU
		{DA007803-983F-D48E-AC0D-50F6EEC45CD8}.Release|Any CPU.Build.0 = Release|Any CPU
		{266A462A-CB61-FFE8-B6F9-CB7724915DB5}.Debug|Any CPU.ActiveCfg = Debug|Any CPU
		{266A462A-CB61-FFE8-B6F9-CB7724915DB5}.Debug|Any CPU.Build.0 = Debug|Any CPU
		{266A462A-CB61-FFE8-B6F9-CB7724915DB5}.Release|Any CPU.ActiveCfg = Release|Any CPU
		{266A462A-CB61-FFE8-B6F9-CB7724915DB5}.Release|Any CPU.Build.0 = Release|Any CPU
		{1C4F3408-44E4-F30F-B9DC-8338BB28F54C}.Debug|Any CPU.ActiveCfg = Debug|Any CPU
		{1C4F3408-44E4-F30F-B9DC-8338BB28F54C}.Debug|Any CPU.Build.0 = Debug|Any CPU
		{1C4F3408-44E4-F30F-B9DC-8338BB28F54C}.Release|Any CPU.ActiveCfg = Release|Any CPU
		{1C4F3408-44E4-F30F-B9DC-8338BB28F54C}.Release|Any CPU.Build.0 = Release|Any CPU
		{940C1B81-3003-D57D-5B31-A1BDDED258E1}.Debug|Any CPU.ActiveCfg = Debug|Any CPU
		{940C1B81-3003-D57D-5B31-A1BDDED258E1}.Debug|Any CPU.Build.0 = Debug|Any CPU
		{940C1B81-3003-D57D-5B31-A1BDDED258E1}.Release|Any CPU.ActiveCfg = Release|Any CPU
		{940C1B81-3003-D57D-5B31-A1BDDED258E1}.Release|Any CPU.Build.0 = Release|Any CPU
		{8A0540FE-EB54-C178-36A5-B12DB5F7A768}.Debug|Any CPU.ActiveCfg = Debug|Any CPU
		{8A0540FE-EB54-C178-36A5-B12DB5F7A768}.Debug|Any CPU.Build.0 = Debug|Any CPU
		{8A0540FE-EB54-C178-36A5-B12DB5F7A768}.Release|Any CPU.ActiveCfg = Release|Any CPU
		{8A0540FE-EB54-C178-36A5-B12DB5F7A768}.Release|Any CPU.Build.0 = Release|Any CPU
	EndGlobalSection
	GlobalSection(SolutionProperties) = preSolution
		HideSolutionNode = FALSE
	EndGlobalSection
EndGlobal
